
Microsoft Visual Studio Solution File, Format Version 12.00
Project("{FAE04EC0-301F-11D3-BF4B-00C04F79EFBC}") = "Web", "Web\Web.csproj", "{80719CEB-C334-4280-838E-FC8C267890A5}"
EndProject
Project("{FAE04EC0-301F-11D3-BF4B-00C04F79EFBC}") = "Core", "Core\Core.csproj", "{503F9267-0B5A-40BA-B72B-DF721BBC2162}"
EndProject
Project("{FAE04EC0-301F-11D3-BF4B-00C04F79EFBC}") = "Data", "Data\Data.csproj", "{87D15B85-1A22-40BA-BDB5-4A0B39F895E0}"
EndProject
Project("{2150E333-8FDC-42A3-9474-1A3956D46DE8}") = "Tests", "Tests", "{AB49C4C2-EA83-4F7D-9FE3-88450A1FB604}"
EndProject
Project("{FAE04EC0-301F-11D3-BF4B-00C04F79EFBC}") = "Test.Core", "Test.Core\Test.Core.csproj", "{EB22EC69-5E62-42E1-B222-509E320E982A}"
EndProject
Global
	GlobalSection(SolutionConfigurationPlatforms) = preSolution
		Debug|Any CPU = Debug|Any CPU
		Release|Any CPU = Release|Any CPU
	EndGlobalSection
	GlobalSection(ProjectConfigurationPlatforms) = postSolution
		{80719CEB-C334-4280-838E-FC8C267890A5}.Debug|Any CPU.ActiveCfg = Debug|Any CPU
		{80719CEB-C334-4280-838E-FC8C267890A5}.Debug|Any CPU.Build.0 = Debug|Any CPU
		{80719CEB-C334-4280-838E-FC8C267890A5}.Release|Any CPU.ActiveCfg = Release|Any CPU
		{80719CEB-C334-4280-838E-FC8C267890A5}.Release|Any CPU.Build.0 = Release|Any CPU
		{503F9267-0B5A-40BA-B72B-DF721BBC2162}.Debug|Any CPU.ActiveCfg = Debug|Any CPU
		{503F9267-0B5A-40BA-B72B-DF721BBC2162}.Debug|Any CPU.Build.0 = Debug|Any CPU
		{503F9267-0B5A-40BA-B72B-DF721BBC2162}.Release|Any CPU.ActiveCfg = Release|Any CPU
		{503F9267-0B5A-40BA-B72B-DF721BBC2162}.Release|Any CPU.Build.0 = Release|Any CPU
		{87D15B85-1A22-40BA-BDB5-4A0B39F895E0}.Debug|Any CPU.ActiveCfg = Debug|Any CPU
		{87D15B85-1A22-40BA-BDB5-4A0B39F895E0}.Debug|Any CPU.Build.0 = Debug|Any CPU
		{87D15B85-1A22-40BA-BDB5-4A0B39F895E0}.Release|Any CPU.ActiveCfg = Release|Any CPU
		{87D15B85-1A22-40BA-BDB5-4A0B39F895E0}.Release|Any CPU.Build.0 = Release|Any CPU
		{EB22EC69-5E62-42E1-B222-509E320E982A}.Debug|Any CPU.ActiveCfg = Debug|Any CPU
		{EB22EC69-5E62-42E1-B222-509E320E982A}.Debug|Any CPU.Build.0 = Debug|Any CPU
		{EB22EC69-5E62-42E1-B222-509E320E982A}.Release|Any CPU.ActiveCfg = Release|Any CPU
		{EB22EC69-5E62-42E1-B222-509E320E982A}.Release|Any CPU.Build.0 = Release|Any CPU
	EndGlobalSection
	GlobalSection(NestedProjects) = preSolution
		{EB22EC69-5E62-42E1-B222-509E320E982A} = {AB49C4C2-EA83-4F7D-9FE3-88450A1FB604}
	EndGlobalSection
EndGlobal
